{
  "requires": true,
  "lockfileVersion": 1,
  "dependencies": {
    "@node-minify/uglify-js": {
      "version": "4.0.5",
      "resolved": "https://registry.npmjs.org/@node-minify/uglify-js/-/uglify-js-4.0.5.tgz",
      "integrity": "sha512-0cLq5XvA8MkWkShynYaWypsKaeFpmW9mSal9mTHA/SR1d8RwKYn9dY2g+qaEayVM0LiSZBNPYdzxdT+xu7d9Tg==",
      "requires": {
        "@node-minify/utils": "^4.0.5",
        "uglify-js": "3.4.9"
      }
    },
    "@node-minify/utils": {
      "version": "4.0.5",
      "resolved": "https://registry.npmjs.org/@node-minify/utils/-/utils-4.0.5.tgz",
      "integrity": "sha512-uJCVg1YBRK0peWGdqbyAaUEAzGGpPYpeppJOPZbExtcnUDsMegSX77tb+rcCbN/n7lx5Ov8nZQ4B5AFt1DsOcQ==",
      "requires": {
        "gzip-size": "5.0.0"
      }
    },
    "commander": {
      "version": "2.17.1",
      "resolved": "https://registry.npmjs.org/commander/-/commander-2.17.1.tgz",
      "integrity": "sha512-wPMUt6FnH2yzG95SA6mzjQOEKUU3aLaDEmzs1ti+1E9h+CsrZghRlqEM/EJ4KscsQVG8uNN4uVreUeT8+drlgg=="
    },
    "duplexer": {
      "version": "0.1.1",
      "resolved": "https://registry.npmjs.org/duplexer/-/duplexer-0.1.1.tgz",
      "integrity": "sha1-rOb/gIwc5mtX0ev5eXessCM0z8E="
    },
    "gzip-size": {
      "version": "5.0.0",
      "resolved": "https://registry.npmjs.org/gzip-size/-/gzip-size-5.0.0.tgz",
      "integrity": "sha512-5iI7omclyqrnWw4XbXAmGhPsABkSIDQonv2K0h61lybgofWa6iZyvrI3r2zsJH4P8Nb64fFVzlvfhs0g7BBxAA==",
      "requires": {
        "duplexer": "^0.1.1",
        "pify": "^3.0.0"
      }
    },
    "pify": {
      "version": "3.0.0",
      "resolved": "https://registry.npmjs.org/pify/-/pify-3.0.0.tgz",
      "integrity": "sha1-5aSs0sEB/fPZpNB/DbxNtJ3SgXY="
    },
    "source-map": {
      "version": "0.6.1",
      "resolved": "https://registry.npmjs.org/source-map/-/source-map-0.6.1.tgz",
      "integrity": "sha512-UjgapumWlbMhkBgzT7Ykc5YXUT46F0iKu8SGXq0bcwP5dz/h0Plj6enJqjz1Zbq2l5WaqYnrVbwWOWMyF3F47g=="
    },
    "uglify-js": {
      "version": "3.4.9",
      "resolved": "https://registry.npmjs.org/uglify-js/-/uglify-js-3.4.9.tgz",
      "integrity": "sha512-8CJsbKOtEbnJsTyv6LE6m6ZKniqMiFWmm9sRbopbkGs3gMPPfd3Fh8iIA4Ykv5MgaTbqHr4BaoGLJLZNhsrW1Q==",
      "requires": {
        "commander": "~2.17.1",
        "source-map": "~0.6.1"
      }
    }
  }
}
